
Microsoft Visual Studio Solution File, Format Version 12.00
# Visual Studio Version 16
VisualStudioVersion = 16.0.30804.86
MinimumVisualStudioVersion = 10.0.40219.1
Project("{FAE04EC0-301F-11D3-BF4B-00C04F79EFBC}") = "poc1", "poc1.csproj", "{B0DECD85-8E47-4A96-9586-7B740DEFEC61}"
EndProject
Global
	GlobalSection(SolutionConfigurationPlatforms) = preSolution
		Debug|Any CPU = Debug|Any CPU
		Release|Any CPU = Release|Any CPU
	EndGlobalSection
	GlobalSection(ProjectConfigurationPlatforms) = postSolution
		{B0DECD85-8E47-4A96-9586-7B740DEFEC61}.Debug|Any CPU.ActiveCfg = Debug|Any CPU
		{B0DECD85-8E47-4A96-9586-7B740DEFEC61}.Debug|Any CPU.Build.0 = Debug|Any CPU
		{B0DECD85-8E47-4A96-9586-7B740DEFEC61}.Release|Any CPU.ActiveCfg = Release|Any CPU
		{B0DECD85-8E47-4A96-9586-7B740DEFEC61}.Release|Any CPU.Build.0 = Release|Any CPU
	EndGlobalSection
	GlobalSection(SolutionProperties) = preSolution
		HideSolutionNode = FALSE
	EndGlobalSection
	GlobalSection(ExtensibilityGlobals) = postSolution
		SolutionGuid = {74B1A568-13D3-46FD-8CE7-D2E81B7CFF8C}
	EndGlobalSection
EndGlobal
